
Microsoft Visual Studio Solution File, Format Version 12.00
# Visual Studio Version 17
VisualStudioVersion = 17.7.34202.233
MinimumVisualStudioVersion = 10.0.40219.1
Project("{FAE04EC0-301F-11D3-BF4B-00C04F79EFBC}") = "Technical_HW_4", "Technical_HW_4\Technical_HW_4.csproj", "{F50DB4FC-DE38-4567-8ADF-6F99D9CE2192}"
EndProject
Global
	GlobalSection(SolutionConfigurationPlatforms) = preSolution
		Debug|Any CPU = Debug|Any CPU
		Release|Any CPU = Release|Any CPU
	EndGlobalSection
	GlobalSection(ProjectConfigurationPlatforms) = postSolution
		{F50DB4FC-DE38-4567-8ADF-6F99D9CE2192}.Debug|Any CPU.ActiveCfg = Debug|Any CPU
		{F50DB4FC-DE38-4567-8ADF-6F99D9CE2192}.Debug|Any CPU.Build.0 = Debug|Any CPU
		{F50DB4FC-DE38-4567-8ADF-6F99D9CE2192}.Release|Any CPU.ActiveCfg = Release|Any CPU
		{F50DB4FC-DE38-4567-8ADF-6F99D9CE2192}.Release|Any CPU.Build.0 = Release|Any CPU
	EndGlobalSection
	GlobalSection(SolutionProperties) = preSolution
		HideSolutionNode = FALSE
	EndGlobalSection
	GlobalSection(ExtensibilityGlobals) = postSolution
		SolutionGuid = {7A2A8D5D-70E5-4495-8CE0-EBC273A33AEB}
	EndGlobalSection
EndGlobal
